// !$*UTF8*$!
{
	archiveVersion = 1;
	classes = {
	};
	objectVersion = 46;
	objects = {

/* Begin PBXBuildFile section */
		8908FF561AE01ECF00C990DC /* AppDelegate.swift in Sources */ = {isa = PBXBuildFile; fileRef = 8908FF551AE01ECF00C990DC /* AppDelegate.swift */; };
		8908FF5D1AE01ECF00C990DC /* Images.xcassets in Resources */ = {isa = PBXBuildFile; fileRef = 8908FF5C1AE01ECF00C990DC /* Images.xcassets */; };
		8908FF601AE01ECF00C990DC /* LaunchScreen.xib in Resources */ = {isa = PBXBuildFile; fileRef = 8908FF5E1AE01ECF00C990DC /* LaunchScreen.xib */; };
		8908FF6C1AE01ECF00C990DC /* ArrivedTests.swift in Sources */ = {isa = PBXBuildFile; fileRef = 8908FF6B1AE01ECF00C990DC /* ArrivedTests.swift */; };
		890A1C441AEAD02F00E6E6D9 /* ServiceHandler.swift in Sources */ = {isa = PBXBuildFile; fileRef = 890A1C431AEAD02F00E6E6D9 /* ServiceHandler.swift */; };
		890D4C7D1AE4433400BD05DF /* BaseService.swift in Sources */ = {isa = PBXBuildFile; fileRef = 890D4C711AE4433400BD05DF /* BaseService.swift */; };
		890D4C7F1AE4433400BD05DF /* UserService.swift in Sources */ = {isa = PBXBuildFile; fileRef = 890D4C731AE4433400BD05DF /* UserService.swift */; };
		890D4C811AE4433400BD05DF /* AddPaymentInfoVC.swift in Sources */ = {isa = PBXBuildFile; fileRef = 890D4C781AE4433400BD05DF /* AddPaymentInfoVC.swift */; };
		890D4C821AE4433400BD05DF /* LoggedInVC.swift in Sources */ = {isa = PBXBuildFile; fileRef = 890D4C791AE4433400BD05DF /* LoggedInVC.swift */; };
		890D4C831AE4433400BD05DF /* StartVC.swift in Sources */ = {isa = PBXBuildFile; fileRef = 890D4C7A1AE4433400BD05DF /* StartVC.swift */; };
		890D4C851AE4433400BD05DF /* WelcomeVC.swift in Sources */ = {isa = PBXBuildFile; fileRef = 890D4C7C1AE4433400BD05DF /* WelcomeVC.swift */; };
		890E3FBD1AEC5B9500F22912 /* HelperMethods.swift in Sources */ = {isa = PBXBuildFile; fileRef = 890E3FBC1AEC5B9500F22912 /* HelperMethods.swift */; };
		890F54C71B0175200066E835 /* OrdersListTVC.swift in Sources */ = {isa = PBXBuildFile; fileRef = 890F54C61B0175200066E835 /* OrdersListTVC.swift */; };
		890F54C91B0175370066E835 /* OrdersListTVCell.swift in Sources */ = {isa = PBXBuildFile; fileRef = 890F54C81B0175370066E835 /* OrdersListTVCell.swift */; };
		890F54CE1B01F4120066E835 /* AudioContext.swift in Sources */ = {isa = PBXBuildFile; fileRef = 890F54CA1B01F4120066E835 /* AudioContext.swift */; };
		890F54CF1B01F4120066E835 /* AudioManager.swift in Sources */ = {isa = PBXBuildFile; fileRef = 890F54CB1B01F4120066E835 /* AudioManager.swift */; };
		890F54D01B01F4120066E835 /* AudioPlayer.swift in Sources */ = {isa = PBXBuildFile; fileRef = 890F54CC1B01F4120066E835 /* AudioPlayer.swift */; };
		890F54D11B01F4120066E835 /* AudioRecorder.swift in Sources */ = {isa = PBXBuildFile; fileRef = 890F54CD1B01F4120066E835 /* AudioRecorder.swift */; };
		890F54D31B01F41D0066E835 /* MakeOrderVC.swift in Sources */ = {isa = PBXBuildFile; fileRef = 890F54D21B01F41D0066E835 /* MakeOrderVC.swift */; };
		8958224B1B04F0A4000DA21E /* SHSPhoneImage.bundle in Resources */ = {isa = PBXBuildFile; fileRef = 8958224A1B04F0A4000DA21E /* SHSPhoneImage.bundle */; };
		895822721B05061C000DA21E /* GoogleWearAlert.swift in Sources */ = {isa = PBXBuildFile; fileRef = 8958226B1B05061C000DA21E /* GoogleWearAlert.swift */; };
		895822731B05061C000DA21E /* GoogleWearAlertView.swift in Sources */ = {isa = PBXBuildFile; fileRef = 8958226C1B05061C000DA21E /* GoogleWearAlertView.swift */; };
		895822741B05061C000DA21E /* errorIcon@2x.png in Resources */ = {isa = PBXBuildFile; fileRef = 8958226E1B05061C000DA21E /* errorIcon@2x.png */; };
		895822751B05061C000DA21E /* messageIcon@2x.png in Resources */ = {isa = PBXBuildFile; fileRef = 8958226F1B05061C000DA21E /* messageIcon@2x.png */; };
		895822761B05061C000DA21E /* successIcon@2x.png in Resources */ = {isa = PBXBuildFile; fileRef = 895822701B05061C000DA21E /* successIcon@2x.png */; };
		895822771B05061C000DA21E /* warningIcon@2x.png in Resources */ = {isa = PBXBuildFile; fileRef = 895822711B05061C000DA21E /* warningIcon@2x.png */; };
		8958227B1B050AD7000DA21E /* JSSAlertView.swift in Sources */ = {isa = PBXBuildFile; fileRef = 8958227A1B050AD7000DA21E /* JSSAlertView.swift */; };
		8981A4CB1AF55B8800F3046A /* UserBankCardsTVC.swift in Sources */ = {isa = PBXBuildFile; fileRef = 8981A4CA1AF55B8800F3046A /* UserBankCardsTVC.swift */; };
		8981A4CD1AF55BA100F3046A /* UserLocationsTVC.swift in Sources */ = {isa = PBXBuildFile; fileRef = 8981A4CC1AF55BA100F3046A /* UserLocationsTVC.swift */; };
		8981A4CF1AF5641500F3046A /* UserLocationsTVCell.swift in Sources */ = {isa = PBXBuildFile; fileRef = 8981A4CE1AF5641500F3046A /* UserLocationsTVCell.swift */; };
		8981A4D11AF56DB700F3046A /* UserBankCardsTVCell.swift in Sources */ = {isa = PBXBuildFile; fileRef = 8981A4D01AF56DB700F3046A /* UserBankCardsTVCell.swift */; };
		8981A4D31AF58FCE00F3046A /* AddLocationVC.swift in Sources */ = {isa = PBXBuildFile; fileRef = 8981A4D21AF58FCE00F3046A /* AddLocationVC.swift */; };
		8981A4D51AF5B0AD00F3046A /* LocationManager.swift in Sources */ = {isa = PBXBuildFile; fileRef = 8981A4D41AF5B0AD00F3046A /* LocationManager.swift */; };
		898455A21AF6EABD0071A31B /* OrdersVC.swift in Sources */ = {isa = PBXBuildFile; fileRef = 898455A11AF6EABD0071A31B /* OrdersVC.swift */; };
		899DA8C91AF40B5E00F0C476 /* ProfileVC.swift in Sources */ = {isa = PBXBuildFile; fileRef = 899DA8C81AF40B5E00F0C476 /* ProfileVC.swift */; };
		899DA8CC1AF419C000F0C476 /* thumbs_down-104.png in Resources */ = {isa = PBXBuildFile; fileRef = 899DA8CA1AF419C000F0C476 /* thumbs_down-104.png */; };
		899DA8CD1AF419C000F0C476 /* thunbs_up-96.png in Resources */ = {isa = PBXBuildFile; fileRef = 899DA8CB1AF419C000F0C476 /* thunbs_up-96.png */; };
		899DA8D31AF41AC700F0C476 /* birthday-104.png in Resources */ = {isa = PBXBuildFile; fileRef = 899DA8CE1AF41AC700F0C476 /* birthday-104.png */; };
		899DA8D41AF41AC700F0C476 /* collaborator-104.png in Resources */ = {isa = PBXBuildFile; fileRef = 899DA8CF1AF41AC700F0C476 /* collaborator-104.png */; };
		899DA8D51AF41AC700F0C476 /* email-104.png in Resources */ = {isa = PBXBuildFile; fileRef = 899DA8D01AF41AC700F0C476 /* email-104.png */; };
		899DA8D61AF41AC700F0C476 /* mental_status-96.png in Resources */ = {isa = PBXBuildFile; fileRef = 899DA8D11AF41AC700F0C476 /* mental_status-96.png */; };
		899DA8D71AF41AC700F0C476 /* toilet-104.png in Resources */ = {isa = PBXBuildFile; fileRef = 899DA8D21AF41AC700F0C476 /* toilet-104.png */; };
		899DA8D91AF4222C00F0C476 /* User.swift in Sources */ = {isa = PBXBuildFile; fileRef = 899DA8D81AF4222C00F0C476 /* User.swift */; };
		89C413511AF16ACF000C2C95 /* TestUserService.swift in Sources */ = {isa = PBXBuildFile; fileRef = 89C413501AF16ACF000C2C95 /* TestUserService.swift */; };
		89C413551AF1C3D9000C2C95 /* background.jpeg in Resources */ = {isa = PBXBuildFile; fileRef = 89C413541AF1C3D9000C2C95 /* background.jpeg */; };
		89C413571AF1C523000C2C95 /* Screen.png in Resources */ = {isa = PBXBuildFile; fileRef = 89C413561AF1C523000C2C95 /* Screen.png */; };
		89C4135B1AF1CD91000C2C95 /* Phone Icon.png in Resources */ = {isa = PBXBuildFile; fileRef = 89C4135A1AF1CD91000C2C95 /* Phone Icon.png */; };
		89C413641AF32029000C2C95 /* credit_card-100.png in Resources */ = {isa = PBXBuildFile; fileRef = 89C413611AF32029000C2C95 /* credit_card-100.png */; };
		89C413651AF32029000C2C95 /* today-100.png in Resources */ = {isa = PBXBuildFile; fileRef = 89C413621AF32029000C2C95 /* today-100.png */; };
		89C413661AF32029000C2C95 /* user-104.png in Resources */ = {isa = PBXBuildFile; fileRef = 89C413631AF32029000C2C95 /* user-104.png */; };
		89C413681AF3252F000C2C95 /* key-100.png in Resources */ = {isa = PBXBuildFile; fileRef = 89C413671AF3252F000C2C95 /* key-100.png */; };
		89C4136A1AF40402000C2C95 /* Main.storyboard in Resources */ = {isa = PBXBuildFile; fileRef = 89C413691AF40402000C2C95 /* Main.storyboard */; };
		89C4136E1AF4052C000C2C95 /* MainScreenVC.swift in Sources */ = {isa = PBXBuildFile; fileRef = 89C4136D1AF4052C000C2C95 /* MainScreenVC.swift */; };
		89D7C6B61AE44D0A00FFD592 /* ViewController.swift in Sources */ = {isa = PBXBuildFile; fileRef = 89D7C6B51AE44D0A00FFD592 /* ViewController.swift */; };
		89D7C6B81AE4796500FFD592 /* ImageLoader.swift in Sources */ = {isa = PBXBuildFile; fileRef = 89D7C6B71AE4796500FFD592 /* ImageLoader.swift */; };
		89EEF5001B00720B006881FD /* TestReviewService.swift in Sources */ = {isa = PBXBuildFile; fileRef = 89EEF4FF1B00720B006881FD /* TestReviewService.swift */; };
		89EEF5021B007233006881FD /* TestRequestService.swift in Sources */ = {isa = PBXBuildFile; fileRef = 89EEF5011B007233006881FD /* TestRequestService.swift */; };
		89EEF5061B008B05006881FD /* OrderDetailVC.swift in Sources */ = {isa = PBXBuildFile; fileRef = 89EEF5051B008B05006881FD /* OrderDetailVC.swift */; };
/* End PBXBuildFile section */

/* Begin PBXContainerItemProxy section */
		8908FF661AE01ECF00C990DC /* PBXContainerItemProxy */ = {
			isa = PBXContainerItemProxy;
			containerPortal = 8908FF481AE01ECF00C990DC /* Project object */;
			proxyType = 1;
			remoteGlobalIDString = 8908FF4F1AE01ECF00C990DC;
			remoteInfo = Arrived;
		};
/* End PBXContainerItemProxy section */

/* Begin PBXFileReference section */
		8908FF501AE01ECF00C990DC /* Arrived.app */ = {isa = PBXFileReference; explicitFileType = wrapper.application; includeInIndex = 0; path = Arrived.app; sourceTree = BUILT_PRODUCTS_DIR; };
		8908FF541AE01ECF00C990DC /* Info.plist */ = {isa = PBXFileReference; lastKnownFileType = text.plist.xml; path = Info.plist; sourceTree = "<group>"; };
		8908FF551AE01ECF00C990DC /* AppDelegate.swift */ = {isa = PBXFileReference; lastKnownFileType = sourcecode.swift; path = AppDelegate.swift; sourceTree = "<group>"; };
		8908FF5C1AE01ECF00C990DC /* Images.xcassets */ = {isa = PBXFileReference; lastKnownFileType = folder.assetcatalog; path = Images.xcassets; sourceTree = "<group>"; };
		8908FF5F1AE01ECF00C990DC /* Base */ = {isa = PBXFileReference; lastKnownFileType = file.xib; name = Base; path = Base.lproj/LaunchScreen.xib; sourceTree = "<group>"; };
		8908FF651AE01ECF00C990DC /* ArrivedTests.xctest */ = {isa = PBXFileReference; explicitFileType = wrapper.cfbundle; includeInIndex = 0; path = ArrivedTests.xctest; sourceTree = BUILT_PRODUCTS_DIR; };
		8908FF6A1AE01ECF00C990DC /* Info.plist */ = {isa = PBXFileReference; lastKnownFileType = text.plist.xml; path = Info.plist; sourceTree = "<group>"; };
		8908FF6B1AE01ECF00C990DC /* ArrivedTests.swift */ = {isa = PBXFileReference; lastKnownFileType = sourcecode.swift; path = ArrivedTests.swift; sourceTree = "<group>"; };
		890A1C431AEAD02F00E6E6D9 /* ServiceHandler.swift */ = {isa = PBXFileReference; fileEncoding = 4; lastKnownFileType = sourcecode.swift; path = ServiceHandler.swift; sourceTree = "<group>"; };
		890D4C711AE4433400BD05DF /* BaseService.swift */ = {isa = PBXFileReference; fileEncoding = 4; lastKnownFileType = sourcecode.swift; path = BaseService.swift; sourceTree = "<group>"; };
		890D4C731AE4433400BD05DF /* UserService.swift */ = {isa = PBXFileReference; fileEncoding = 4; lastKnownFileType = sourcecode.swift; path = UserService.swift; sourceTree = "<group>"; };
		890D4C761AE4433400BD05DF /* MyPlayground.playground */ = {isa = PBXFileReference; lastKnownFileType = file.playground; path = MyPlayground.playground; sourceTree = "<group>"; };
		890D4C781AE4433400BD05DF /* AddPaymentInfoVC.swift */ = {isa = PBXFileReference; fileEncoding = 4; lastKnownFileType = sourcecode.swift; path = AddPaymentInfoVC.swift; sourceTree = "<group>"; };
		890D4C791AE4433400BD05DF /* LoggedInVC.swift */ = {isa = PBXFileReference; fileEncoding = 4; lastKnownFileType = sourcecode.swift; path = LoggedInVC.swift; sourceTree = "<group>"; };
		890D4C7A1AE4433400BD05DF /* StartVC.swift */ = {isa = PBXFileReference; fileEncoding = 4; lastKnownFileType = sourcecode.swift; path = StartVC.swift; sourceTree = "<group>"; };
		890D4C7C1AE4433400BD05DF /* WelcomeVC.swift */ = {isa = PBXFileReference; fileEncoding = 4; lastKnownFileType = sourcecode.swift; path = WelcomeVC.swift; sourceTree = "<group>"; };
		890E3FBC1AEC5B9500F22912 /* HelperMethods.swift */ = {isa = PBXFileReference; fileEncoding = 4; lastKnownFileType = sourcecode.swift; path = HelperMethods.swift; sourceTree = "<group>"; };
		890F54C61B0175200066E835 /* OrdersListTVC.swift */ = {isa = PBXFileReference; fileEncoding = 4; lastKnownFileType = sourcecode.swift; path = OrdersListTVC.swift; sourceTree = "<group>"; };
		890F54C81B0175370066E835 /* OrdersListTVCell.swift */ = {isa = PBXFileReference; fileEncoding = 4; lastKnownFileType = sourcecode.swift; path = OrdersListTVCell.swift; sourceTree = "<group>"; };
		890F54CA1B01F4120066E835 /* AudioContext.swift */ = {isa = PBXFileReference; fileEncoding = 4; lastKnownFileType = sourcecode.swift; path = AudioContext.swift; sourceTree = "<group>"; };
		890F54CB1B01F4120066E835 /* AudioManager.swift */ = {isa = PBXFileReference; fileEncoding = 4; lastKnownFileType = sourcecode.swift; path = AudioManager.swift; sourceTree = "<group>"; };
		890F54CC1B01F4120066E835 /* AudioPlayer.swift */ = {isa = PBXFileReference; fileEncoding = 4; lastKnownFileType = sourcecode.swift; path = AudioPlayer.swift; sourceTree = "<group>"; };
		890F54CD1B01F4120066E835 /* AudioRecorder.swift */ = {isa = PBXFileReference; fileEncoding = 4; lastKnownFileType = sourcecode.swift; path = AudioRecorder.swift; sourceTree = "<group>"; };
		890F54D21B01F41D0066E835 /* MakeOrderVC.swift */ = {isa = PBXFileReference; fileEncoding = 4; lastKnownFileType = sourcecode.swift; path = MakeOrderVC.swift; sourceTree = "<group>"; };
		895822131B04E3AB000DA21E /* Arrived-Bridging-Header.h */ = {isa = PBXFileReference; fileEncoding = 4; lastKnownFileType = sourcecode.c.h; path = "Arrived-Bridging-Header.h"; sourceTree = "<group>"; };
		8958224A1B04F0A4000DA21E /* SHSPhoneImage.bundle */ = {isa = PBXFileReference; lastKnownFileType = "wrapper.plug-in"; name = SHSPhoneImage.bundle; path = Assets/SHSPhoneImage.bundle; sourceTree = "<group>"; };
		8958226B1B05061C000DA21E /* GoogleWearAlert.swift */ = {isa = PBXFileReference; fileEncoding = 4; lastKnownFileType = sourcecode.swift; path = GoogleWearAlert.swift; sourceTree = "<group>"; };
		8958226C1B05061C000DA21E /* GoogleWearAlertView.swift */ = {isa = PBXFileReference; fileEncoding = 4; lastKnownFileType = sourcecode.swift; path = GoogleWearAlertView.swift; sourceTree = "<group>"; };
		8958226E1B05061C000DA21E /* errorIcon@2x.png */ = {isa = PBXFileReference; lastKnownFileType = image.png; path = "errorIcon@2x.png"; sourceTree = "<group>"; };
		8958226F1B05061C000DA21E /* messageIcon@2x.png */ = {isa = PBXFileReference; lastKnownFileType = image.png; path = "messageIcon@2x.png"; sourceTree = "<group>"; };
		895822701B05061C000DA21E /* successIcon@2x.png */ = {isa = PBXFileReference; lastKnownFileType = image.png; path = "successIcon@2x.png"; sourceTree = "<group>"; };
		895822711B05061C000DA21E /* warningIcon@2x.png */ = {isa = PBXFileReference; lastKnownFileType = image.png; path = "warningIcon@2x.png"; sourceTree = "<group>"; };
		8958227A1B050AD7000DA21E /* JSSAlertView.swift */ = {isa = PBXFileReference; fileEncoding = 4; lastKnownFileType = sourcecode.swift; name = JSSAlertView.swift; path = Frameworks/JSSAlertView.swift; sourceTree = "<group>"; };
		8981A4CA1AF55B8800F3046A /* UserBankCardsTVC.swift */ = {isa = PBXFileReference; fileEncoding = 4; lastKnownFileType = sourcecode.swift; path = UserBankCardsTVC.swift; sourceTree = "<group>"; };
		8981A4CC1AF55BA100F3046A /* UserLocationsTVC.swift */ = {isa = PBXFileReference; fileEncoding = 4; lastKnownFileType = sourcecode.swift; path = UserLocationsTVC.swift; sourceTree = "<group>"; };
		8981A4CE1AF5641500F3046A /* UserLocationsTVCell.swift */ = {isa = PBXFileReference; fileEncoding = 4; lastKnownFileType = sourcecode.swift; path = UserLocationsTVCell.swift; sourceTree = "<group>"; };
		8981A4D01AF56DB700F3046A /* UserBankCardsTVCell.swift */ = {isa = PBXFileReference; fileEncoding = 4; lastKnownFileType = sourcecode.swift; path = UserBankCardsTVCell.swift; sourceTree = "<group>"; };
		8981A4D21AF58FCE00F3046A /* AddLocationVC.swift */ = {isa = PBXFileReference; fileEncoding = 4; lastKnownFileType = sourcecode.swift; path = AddLocationVC.swift; sourceTree = "<group>"; };
		8981A4D41AF5B0AD00F3046A /* LocationManager.swift */ = {isa = PBXFileReference; fileEncoding = 4; lastKnownFileType = sourcecode.swift; path = LocationManager.swift; sourceTree = "<group>"; };
		898455A11AF6EABD0071A31B /* OrdersVC.swift */ = {isa = PBXFileReference; fileEncoding = 4; lastKnownFileType = sourcecode.swift; path = OrdersVC.swift; sourceTree = "<group>"; };
		899DA8C81AF40B5E00F0C476 /* ProfileVC.swift */ = {isa = PBXFileReference; fileEncoding = 4; lastKnownFileType = sourcecode.swift; path = ProfileVC.swift; sourceTree = "<group>"; };
		899DA8CA1AF419C000F0C476 /* thumbs_down-104.png */ = {isa = PBXFileReference; lastKnownFileType = image.png; name = "thumbs_down-104.png"; path = "Assets/UI/Icons/thumbs_down-104.png"; sourceTree = "<group>"; };
		899DA8CB1AF419C000F0C476 /* thunbs_up-96.png */ = {isa = PBXFileReference; lastKnownFileType = image.png; name = "thunbs_up-96.png"; path = "Assets/UI/Icons/thunbs_up-96.png"; sourceTree = "<group>"; };
		899DA8CE1AF41AC700F0C476 /* birthday-104.png */ = {isa = PBXFileReference; lastKnownFileType = image.png; name = "birthday-104.png"; path = "Assets/UI/Icons/birthday-104.png"; sourceTree = "<group>"; };
		899DA8CF1AF41AC700F0C476 /* collaborator-104.png */ = {isa = PBXFileReference; lastKnownFileType = image.png; name = "collaborator-104.png"; path = "Assets/UI/Icons/collaborator-104.png"; sourceTree = "<group>"; };
		899DA8D01AF41AC700F0C476 /* email-104.png */ = {isa = PBXFileReference; lastKnownFileType = image.png; name = "email-104.png"; path = "Assets/UI/Icons/email-104.png"; sourceTree = "<group>"; };
		899DA8D11AF41AC700F0C476 /* mental_status-96.png */ = {isa = PBXFileReference; lastKnownFileType = image.png; name = "mental_status-96.png"; path = "Assets/UI/Icons/mental_status-96.png"; sourceTree = "<group>"; };
		899DA8D21AF41AC700F0C476 /* toilet-104.png */ = {isa = PBXFileReference; lastKnownFileType = image.png; name = "toilet-104.png"; path = "Assets/UI/Icons/toilet-104.png"; sourceTree = "<group>"; };
		899DA8D81AF4222C00F0C476 /* User.swift */ = {isa = PBXFileReference; fileEncoding = 4; lastKnownFileType = sourcecode.swift; path = User.swift; sourceTree = "<group>"; };
		89C413501AF16ACF000C2C95 /* TestUserService.swift */ = {isa = PBXFileReference; fileEncoding = 4; lastKnownFileType = sourcecode.swift; path = TestUserService.swift; sourceTree = "<group>"; };
		89C413541AF1C3D9000C2C95 /* background.jpeg */ = {isa = PBXFileReference; lastKnownFileType = image.jpeg; name = background.jpeg; path = Assets/UI/background.jpeg; sourceTree = "<group>"; };
		89C413561AF1C523000C2C95 /* Screen.png */ = {isa = PBXFileReference; lastKnownFileType = image.png; name = Screen.png; path = Assets/UI/Screen.png; sourceTree = "<group>"; };
		89C4135A1AF1CD91000C2C95 /* Phone Icon.png */ = {isa = PBXFileReference; lastKnownFileType = image.png; name = "Phone Icon.png"; path = "Assets/UI/Phone Icon.png"; sourceTree = "<group>"; };
		89C413611AF32029000C2C95 /* credit_card-100.png */ = {isa = PBXFileReference; lastKnownFileType = image.png; name = "credit_card-100.png"; path = "Assets/UI/Icons/credit_card-100.png"; sourceTree = "<group>"; };
		89C413621AF32029000C2C95 /* today-100.png */ = {isa = PBXFileReference; lastKnownFileType = image.png; name = "today-100.png"; path = "Assets/UI/Icons/today-100.png"; sourceTree = "<group>"; };
		89C413631AF32029000C2C95 /* user-104.png */ = {isa = PBXFileReference; lastKnownFileType = image.png; name = "user-104.png"; path = "Assets/UI/Icons/user-104.png"; sourceTree = "<group>"; };
		89C413671AF3252F000C2C95 /* key-100.png */ = {isa = PBXFileReference; lastKnownFileType = image.png; name = "key-100.png"; path = "Assets/UI/Icons/key-100.png"; sourceTree = "<group>"; };
		89C413691AF40402000C2C95 /* Main.storyboard */ = {isa = PBXFileReference; fileEncoding = 4; lastKnownFileType = file.storyboard; path = Main.storyboard; sourceTree = "<group>"; };
		89C4136D1AF4052C000C2C95 /* MainScreenVC.swift */ = {isa = PBXFileReference; fileEncoding = 4; lastKnownFileType = sourcecode.swift; path = MainScreenVC.swift; sourceTree = "<group>"; };
		89D7C6B51AE44D0A00FFD592 /* ViewController.swift */ = {isa = PBXFileReference; fileEncoding = 4; lastKnownFileType = sourcecode.swift; path = ViewController.swift; sourceTree = "<group>"; };
		89D7C6B71AE4796500FFD592 /* ImageLoader.swift */ = {isa = PBXFileReference; fileEncoding = 4; lastKnownFileType = sourcecode.swift; path = ImageLoader.swift; sourceTree = "<group>"; };
		89EEF4FF1B00720B006881FD /* TestReviewService.swift */ = {isa = PBXFileReference; fileEncoding = 4; lastKnownFileType = sourcecode.swift; path = TestReviewService.swift; sourceTree = "<group>"; };
		89EEF5011B007233006881FD /* TestRequestService.swift */ = {isa = PBXFileReference; fileEncoding = 4; lastKnownFileType = sourcecode.swift; path = TestRequestService.swift; sourceTree = "<group>"; };
		89EEF5051B008B05006881FD /* OrderDetailVC.swift */ = {isa = PBXFileReference; fileEncoding = 4; lastKnownFileType = sourcecode.swift; path = OrderDetailVC.swift; sourceTree = "<group>"; };
/* End PBXFileReference section */

/* Begin PBXFrameworksBuildPhase section */
		8908FF4D1AE01ECF00C990DC /* Frameworks */ = {
			isa = PBXFrameworksBuildPhase;
			buildActionMask = 2147483647;
			files = (
			);
			runOnlyForDeploymentPostprocessing = 0;
		};
		8908FF621AE01ECF00C990DC /* Frameworks */ = {
			isa = PBXFrameworksBuildPhase;
			buildActionMask = 2147483647;
			files = (
			);
			runOnlyForDeploymentPostprocessing = 0;
		};
/* End PBXFrameworksBuildPhase section */

/* Begin PBXGroup section */
		8908FF471AE01ECF00C990DC = {
			isa = PBXGroup;
			children = (
				890E3FB01AEC581C00F22912 /* Assets */,
				890D4C6F1AE4433400BD05DF /* Classes */,
				8908FF521AE01ECF00C990DC /* Arrived */,
				8958224C1B0504CD000DA21E /* Frameworks */,
				8908FF681AE01ECF00C990DC /* ArrivedTests */,
				8908FF511AE01ECF00C990DC /* Products */,
			);
			sourceTree = "<group>";
		};
		8908FF511AE01ECF00C990DC /* Products */ = {
			isa = PBXGroup;
			children = (
				8908FF501AE01ECF00C990DC /* Arrived.app */,
				8908FF651AE01ECF00C990DC /* ArrivedTests.xctest */,
			);
			name = Products;
			sourceTree = "<group>";
		};
		8908FF521AE01ECF00C990DC /* Arrived */ = {
			isa = PBXGroup;
			children = (
				89C413691AF40402000C2C95 /* Main.storyboard */,
				8908FF551AE01ECF00C990DC /* AppDelegate.swift */,
				8908FF5C1AE01ECF00C990DC /* Images.xcassets */,
				8908FF5E1AE01ECF00C990DC /* LaunchScreen.xib */,
				8908FF531AE01ECF00C990DC /* Supporting Files */,
			);
			path = Arrived;
			sourceTree = "<group>";
		};
		8908FF531AE01ECF00C990DC /* Supporting Files */ = {
			isa = PBXGroup;
			children = (
				8908FF541AE01ECF00C990DC /* Info.plist */,
			);
			name = "Supporting Files";
			sourceTree = "<group>";
		};
		8908FF681AE01ECF00C990DC /* ArrivedTests */ = {
			isa = PBXGroup;
			children = (
				8908FF6B1AE01ECF00C990DC /* ArrivedTests.swift */,
				8908FF691AE01ECF00C990DC /* Supporting Files */,
			);
			path = ArrivedTests;
			sourceTree = "<group>";
		};
		8908FF691AE01ECF00C990DC /* Supporting Files */ = {
			isa = PBXGroup;
			children = (
				8908FF6A1AE01ECF00C990DC /* Info.plist */,
			);
			name = "Supporting Files";
			sourceTree = "<group>";
		};
		890D4C6F1AE4433400BD05DF /* Classes */ = {
			isa = PBXGroup;
			children = (
				890D4C751AE4433400BD05DF /* Supports */,
				890D4C701AE4433400BD05DF /* Services */,
				890D4C771AE4433400BD05DF /* VCs */,
			);
			path = Classes;
			sourceTree = "<group>";
		};
		890D4C701AE4433400BD05DF /* Services */ = {
			isa = PBXGroup;
			children = (
				890F54CA1B01F4120066E835 /* AudioContext.swift */,
				890F54CB1B01F4120066E835 /* AudioManager.swift */,
				890F54CC1B01F4120066E835 /* AudioPlayer.swift */,
				890F54CD1B01F4120066E835 /* AudioRecorder.swift */,
				890A1C431AEAD02F00E6E6D9 /* ServiceHandler.swift */,
				890D4C731AE4433400BD05DF /* UserService.swift */,
				890D4C711AE4433400BD05DF /* BaseService.swift */,
				89C413501AF16ACF000C2C95 /* TestUserService.swift */,
				899DA8D81AF4222C00F0C476 /* User.swift */,
				89EEF4FF1B00720B006881FD /* TestReviewService.swift */,
				89EEF5011B007233006881FD /* TestRequestService.swift */,
			);
			path = Services;
			sourceTree = "<group>";
		};
		890D4C751AE4433400BD05DF /* Supports */ = {
			isa = PBXGroup;
			children = (
				890D4C761AE4433400BD05DF /* MyPlayground.playground */,
				89D7C6B71AE4796500FFD592 /* ImageLoader.swift */,
				890E3FBC1AEC5B9500F22912 /* HelperMethods.swift */,
				8981A4D41AF5B0AD00F3046A /* LocationManager.swift */,
				895822131B04E3AB000DA21E /* Arrived-Bridging-Header.h */,
			);
			path = Supports;
			sourceTree = "<group>";
		};
		890D4C771AE4433400BD05DF /* VCs */ = {
			isa = PBXGroup;
			children = (
				890F54D21B01F41D0066E835 /* MakeOrderVC.swift */,
				890D4C781AE4433400BD05DF /* AddPaymentInfoVC.swift */,
				890D4C791AE4433400BD05DF /* LoggedInVC.swift */,
				890D4C7A1AE4433400BD05DF /* StartVC.swift */,
				890D4C7C1AE4433400BD05DF /* WelcomeVC.swift */,
				89D7C6B51AE44D0A00FFD592 /* ViewController.swift */,
				89C4136D1AF4052C000C2C95 /* MainScreenVC.swift */,
				899DA8C81AF40B5E00F0C476 /* ProfileVC.swift */,
				8981A4CA1AF55B8800F3046A /* UserBankCardsTVC.swift */,
				8981A4CC1AF55BA100F3046A /* UserLocationsTVC.swift */,
				8981A4CE1AF5641500F3046A /* UserLocationsTVCell.swift */,
				8981A4D01AF56DB700F3046A /* UserBankCardsTVCell.swift */,
				8981A4D21AF58FCE00F3046A /* AddLocationVC.swift */,
				898455A11AF6EABD0071A31B /* OrdersVC.swift */,
				89EEF5051B008B05006881FD /* OrderDetailVC.swift */,
				890F54C61B0175200066E835 /* OrdersListTVC.swift */,
				890F54C81B0175370066E835 /* OrdersListTVCell.swift */,
			);
			path = VCs;
			sourceTree = "<group>";
		};
		890E3FB01AEC581C00F22912 /* Assets */ = {
			isa = PBXGroup;
			children = (
				8958224A1B04F0A4000DA21E /* SHSPhoneImage.bundle */,
				890E3FB11AEC582600F22912 /* UI */,
			);
			name = Assets;
			sourceTree = "<group>";
		};
		890E3FB11AEC582600F22912 /* UI */ = {
			isa = PBXGroup;
			children = (
				89C413601AF31F83000C2C95 /* Icons */,
				89C4135A1AF1CD91000C2C95 /* Phone Icon.png */,
				89C413561AF1C523000C2C95 /* Screen.png */,
				89C413541AF1C3D9000C2C95 /* background.jpeg */,
			);
			name = UI;
			sourceTree = "<group>";
		};
		8958224C1B0504CD000DA21E /* Frameworks */ = {
			isa = PBXGroup;
			children = (
				8958227A1B050AD7000DA21E /* JSSAlertView.swift */,
				8958226A1B05061C000DA21E /* GoogleWearAlertView */,
			);
			name = Frameworks;
			sourceTree = "<group>";
		};
		8958226A1B05061C000DA21E /* GoogleWearAlertView */ = {
			isa = PBXGroup;
			children = (
				8958226B1B05061C000DA21E /* GoogleWearAlert.swift */,
				8958226C1B05061C000DA21E /* GoogleWearAlertView.swift */,
				8958226D1B05061C000DA21E /* Resources */,
			);
			name = GoogleWearAlertView;
			path = Frameworks/GoogleWearAlertView;
			sourceTree = "<group>";
		};
		8958226D1B05061C000DA21E /* Resources */ = {
			isa = PBXGroup;
			children = (
				8958226E1B05061C000DA21E /* errorIcon@2x.png */,
				8958226F1B05061C000DA21E /* messageIcon@2x.png */,
				895822701B05061C000DA21E /* successIcon@2x.png */,
				895822711B05061C000DA21E /* warningIcon@2x.png */,
			);
			path = Resources;
			sourceTree = "<group>";
		};
		89C413601AF31F83000C2C95 /* Icons */ = {
			isa = PBXGroup;
			children = (
				899DA8CE1AF41AC700F0C476 /* birthday-104.png */,
				899DA8CF1AF41AC700F0C476 /* collaborator-104.png */,
				899DA8D01AF41AC700F0C476 /* email-104.png */,
				899DA8D11AF41AC700F0C476 /* mental_status-96.png */,
				899DA8D21AF41AC700F0C476 /* toilet-104.png */,
				899DA8CA1AF419C000F0C476 /* thumbs_down-104.png */,
				899DA8CB1AF419C000F0C476 /* thunbs_up-96.png */,
				89C413671AF3252F000C2C95 /* key-100.png */,
				89C413611AF32029000C2C95 /* credit_card-100.png */,
				89C413621AF32029000C2C95 /* today-100.png */,
				89C413631AF32029000C2C95 /* user-104.png */,
			);
			name = Icons;
			sourceTree = "<group>";
		};
/* End PBXGroup section */

/* Begin PBXNativeTarget section */
		8908FF4F1AE01ECF00C990DC /* Arrived */ = {
			isa = PBXNativeTarget;
			buildConfigurationList = 8908FF6F1AE01ECF00C990DC /* Build configuration list for PBXNativeTarget "Arrived" */;
			buildPhases = (
				8908FF4C1AE01ECF00C990DC /* Sources */,
				8908FF4D1AE01ECF00C990DC /* Frameworks */,
				8908FF4E1AE01ECF00C990DC /* Resources */,
			);
			buildRules = (
			);
			dependencies = (
			);
			name = Arrived;
			productName = Arrived;
			productReference = 8908FF501AE01ECF00C990DC /* Arrived.app */;
			productType = "com.apple.product-type.application";
		};
		8908FF641AE01ECF00C990DC /* ArrivedTests */ = {
			isa = PBXNativeTarget;
			buildConfigurationList = 8908FF721AE01ECF00C990DC /* Build configuration list for PBXNativeTarget "ArrivedTests" */;
			buildPhases = (
				8908FF611AE01ECF00C990DC /* Sources */,
				8908FF621AE01ECF00C990DC /* Frameworks */,
				8908FF631AE01ECF00C990DC /* Resources */,
			);
			buildRules = (
			);
			dependencies = (
				8908FF671AE01ECF00C990DC /* PBXTargetDependency */,
			);
			name = ArrivedTests;
			productName = ArrivedTests;
			productReference = 8908FF651AE01ECF00C990DC /* ArrivedTests.xctest */;
			productType = "com.apple.product-type.bundle.unit-test";
		};
/* End PBXNativeTarget section */

/* Begin PBXProject section */
		8908FF481AE01ECF00C990DC /* Project object */ = {
			isa = PBXProject;
			attributes = {
				LastUpgradeCheck = 0630;
				ORGANIZATIONNAME = LoopCow;
				TargetAttributes = {
					8908FF4F1AE01ECF00C990DC = {
						CreatedOnToolsVersion = 6.3;
						DevelopmentTeam = 5R3X245WBY;
						SystemCapabilities = {
							com.apple.Maps.iOS = {
								enabled = 0;
							};
						};
					};
					8908FF641AE01ECF00C990DC = {
						CreatedOnToolsVersion = 6.3;
						TestTargetID = 8908FF4F1AE01ECF00C990DC;
					};
				};
			};
			buildConfigurationList = 8908FF4B1AE01ECF00C990DC /* Build configuration list for PBXProject "Arrived" */;
			compatibilityVersion = "Xcode 3.2";
			developmentRegion = English;
			hasScannedForEncodings = 0;
			knownRegions = (
				en,
				Base,
			);
			mainGroup = 8908FF471AE01ECF00C990DC;
			productRefGroup = 8908FF511AE01ECF00C990DC /* Products */;
			projectDirPath = "";
			projectRoot = "";
			targets = (
				8908FF4F1AE01ECF00C990DC /* Arrived */,
				8908FF641AE01ECF00C990DC /* ArrivedTests */,
			);
		};
/* End PBXProject section */

/* Begin PBXResourcesBuildPhase section */
		8908FF4E1AE01ECF00C990DC /* Resources */ = {
			isa = PBXResourcesBuildPhase;
			buildActionMask = 2147483647;
			files = (
				8958224B1B04F0A4000DA21E /* SHSPhoneImage.bundle in Resources */,
				899DA8D31AF41AC700F0C476 /* birthday-104.png in Resources */,
				89C4135B1AF1CD91000C2C95 /* Phone Icon.png in Resources */,
				89C4136A1AF40402000C2C95 /* Main.storyboard in Resources */,
				895822741B05061C000DA21E /* errorIcon@2x.png in Resources */,
				89C413661AF32029000C2C95 /* user-104.png in Resources */,
				899DA8CD1AF419C000F0C476 /* thunbs_up-96.png in Resources */,
				895822761B05061C000DA21E /* successIcon@2x.png in Resources */,
				89C413571AF1C523000C2C95 /* Screen.png in Resources */,
				89C413681AF3252F000C2C95 /* key-100.png in Resources */,
				895822771B05061C000DA21E /* warningIcon@2x.png in Resources */,
				895822751B05061C000DA21E /* messageIcon@2x.png in Resources */,
				899DA8D61AF41AC700F0C476 /* mental_status-96.png in Resources */,
				899DA8D41AF41AC700F0C476 /* collaborator-104.png in Resources */,
				8908FF601AE01ECF00C990DC /* LaunchScreen.xib in Resources */,
				8908FF5D1AE01ECF00C990DC /* Images.xcassets in Resources */,
				899DA8D51AF41AC700F0C476 /* email-104.png in Resources */,
				89C413551AF1C3D9000C2C95 /* background.jpeg in Resources */,
				89C413641AF32029000C2C95 /* credit_card-100.png in Resources */,
				899DA8CC1AF419C000F0C476 /* thumbs_down-104.png in Resources */,
				899DA8D71AF41AC700F0C476 /* toilet-104.png in Resources */,
				89C413651AF32029000C2C95 /* today-100.png in Resources */,
			);
			runOnlyForDeploymentPostprocessing = 0;
		};
		8908FF631AE01ECF00C990DC /* Resources */ = {
			isa = PBXResourcesBuildPhase;
			buildActionMask = 2147483647;
			files = (
			);
			runOnlyForDeploymentPostprocessing = 0;
		};
/* End PBXResourcesBuildPhase section */

/* Begin PBXSourcesBuildPhase section */
		8908FF4C1AE01ECF00C990DC /* Sources */ = {
			isa = PBXSourcesBuildPhase;
			buildActionMask = 2147483647;
			files = (
				890A1C441AEAD02F00E6E6D9 /* ServiceHandler.swift in Sources */,
				890D4C7F1AE4433400BD05DF /* UserService.swift in Sources */,
				899DA8C91AF40B5E00F0C476 /* ProfileVC.swift in Sources */,
				890E3FBD1AEC5B9500F22912 /* HelperMethods.swift in Sources */,
				890F54CE1B01F4120066E835 /* AudioContext.swift in Sources */,
				89EEF5061B008B05006881FD /* OrderDetailVC.swift in Sources */,
				890D4C851AE4433400BD05DF /* WelcomeVC.swift in Sources */,
				890F54C71B0175200066E835 /* OrdersListTVC.swift in Sources */,
				89D7C6B81AE4796500FFD592 /* ImageLoader.swift in Sources */,
				8981A4CB1AF55B8800F3046A /* UserBankCardsTVC.swift in Sources */,
				8981A4CD1AF55BA100F3046A /* UserLocationsTVC.swift in Sources */,
				895822731B05061C000DA21E /* GoogleWearAlertView.swift in Sources */,
				890D4C811AE4433400BD05DF /* AddPaymentInfoVC.swift in Sources */,
				89C4136E1AF4052C000C2C95 /* MainScreenVC.swift in Sources */,
				89EEF5001B00720B006881FD /* TestReviewService.swift in Sources */,
				890F54CF1B01F4120066E835 /* AudioManager.swift in Sources */,
				899DA8D91AF4222C00F0C476 /* User.swift in Sources */,
				890F54D11B01F4120066E835 /* AudioRecorder.swift in Sources */,
				89D7C6B61AE44D0A00FFD592 /* ViewController.swift in Sources */,
				890F54D01B01F4120066E835 /* AudioPlayer.swift in Sources */,
				890D4C821AE4433400BD05DF /* LoggedInVC.swift in Sources */,
				8981A4D31AF58FCE00F3046A /* AddLocationVC.swift in Sources */,
				8981A4CF1AF5641500F3046A /* UserLocationsTVCell.swift in Sources */,
				895822721B05061C000DA21E /* GoogleWearAlert.swift in Sources */,
				89C413511AF16ACF000C2C95 /* TestUserService.swift in Sources */,
				890F54C91B0175370066E835 /* OrdersListTVCell.swift in Sources */,
				890D4C7D1AE4433400BD05DF /* BaseService.swift in Sources */,
				8958227B1B050AD7000DA21E /* JSSAlertView.swift in Sources */,
				8981A4D51AF5B0AD00F3046A /* LocationManager.swift in Sources */,
				8981A4D11AF56DB700F3046A /* UserBankCardsTVCell.swift in Sources */,
				898455A21AF6EABD0071A31B /* OrdersVC.swift in Sources */,
				89EEF5021B007233006881FD /* TestRequestService.swift in Sources */,
				8908FF561AE01ECF00C990DC /* AppDelegate.swift in Sources */,
				890D4C831AE4433400BD05DF /* StartVC.swift in Sources */,
				890F54D31B01F41D0066E835 /* MakeOrderVC.swift in Sources */,
			);
			runOnlyForDeploymentPostprocessing = 0;
		};
		8908FF611AE01ECF00C990DC /* Sources */ = {
			isa = PBXSourcesBuildPhase;
			buildActionMask = 2147483647;
			files = (
				8908FF6C1AE01ECF00C990DC /* ArrivedTests.swift in Sources */,
			);
			runOnlyForDeploymentPostprocessing = 0;
		};
/* End PBXSourcesBuildPhase section */

/* Begin PBXTargetDependency section */
		8908FF671AE01ECF00C990DC /* PBXTargetDependency */ = {
			isa = PBXTargetDependency;
			target = 8908FF4F1AE01ECF00C990DC /* Arrived */;
			targetProxy = 8908FF661AE01ECF00C990DC /* PBXContainerItemProxy */;
		};
/* End PBXTargetDependency section */

/* Begin PBXVariantGroup section */
		8908FF5E1AE01ECF00C990DC /* LaunchScreen.xib */ = {
			isa = PBXVariantGroup;
			children = (
				8908FF5F1AE01ECF00C990DC /* Base */,
			);
			name = LaunchScreen.xib;
			sourceTree = "<group>";
		};
/* End PBXVariantGroup section */

/* Begin XCBuildConfiguration section */
		8908FF6D1AE01ECF00C990DC /* Debug */ = {
			isa = XCBuildConfiguration;
			buildSettings = {
				ALWAYS_SEARCH_USER_PATHS = NO;
				CLANG_CXX_LANGUAGE_STANDARD = "gnu++0x";
				CLANG_CXX_LIBRARY = "libc++";
				CLANG_ENABLE_MODULES = YES;
				CLANG_ENABLE_OBJC_ARC = YES;
				CLANG_WARN_BOOL_CONVERSION = YES;
				CLANG_WARN_CONSTANT_CONVERSION = YES;
				CLANG_WARN_DIRECT_OBJC_ISA_USAGE = YES_ERROR;
				CLANG_WARN_EMPTY_BODY = YES;
				CLANG_WARN_ENUM_CONVERSION = YES;
				CLANG_WARN_INT_CONVERSION = YES;
				CLANG_WARN_OBJC_ROOT_CLASS = YES_ERROR;
				CLANG_WARN_UNREACHABLE_CODE = YES;
				CLANG_WARN__DUPLICATE_METHOD_MATCH = YES;
				"CODE_SIGN_IDENTITY[sdk=iphoneos*]" = "iPhone Developer";
				COPY_PHASE_STRIP = NO;
				DEBUG_INFORMATION_FORMAT = "dwarf-with-dsym";
				ENABLE_STRICT_OBJC_MSGSEND = YES;
				GCC_C_LANGUAGE_STANDARD = gnu99;
				GCC_DYNAMIC_NO_PIC = NO;
				GCC_NO_COMMON_BLOCKS = YES;
				GCC_OPTIMIZATION_LEVEL = 0;
				GCC_PREPROCESSOR_DEFINITIONS = (
					"DEBUG=1",
					"$(inherited)",
				);
				GCC_SYMBOLS_PRIVATE_EXTERN = NO;
				GCC_WARN_64_TO_32_BIT_CONVERSION = YES;
				GCC_WARN_ABOUT_RETURN_TYPE = YES_ERROR;
				GCC_WARN_UNDECLARED_SELECTOR = YES;
				GCC_WARN_UNINITIALIZED_AUTOS = YES_AGGRESSIVE;
				GCC_WARN_UNUSED_FUNCTION = YES;
				GCC_WARN_UNUSED_VARIABLE = YES;
				IPHONEOS_DEPLOYMENT_TARGET = 8.2;
				MTL_ENABLE_DEBUG_INFO = YES;
				ONLY_ACTIVE_ARCH = YES;
				SDKROOT = iphoneos;
				SWIFT_INSTALL_OBJC_HEADER = YES;
				SWIFT_OBJC_BRIDGING_HEADER = "";
				SWIFT_OPTIMIZATION_LEVEL = "-Onone";
			};
			name = Debug;
		};
		8908FF6E1AE01ECF00C990DC /* Release */ = {
			isa = XCBuildConfiguration;
			buildSettings = {
				ALWAYS_SEARCH_USER_PATHS = NO;
				CLANG_CXX_LANGUAGE_STANDARD = "gnu++0x";
				CLANG_CXX_LIBRARY = "libc++";
				CLANG_ENABLE_MODULES = YES;
				CLANG_ENABLE_OBJC_ARC = YES;
				CLANG_WARN_BOOL_CONVERSION = YES;
				CLANG_WARN_CONSTANT_CONVERSION = YES;
				CLANG_WARN_DIRECT_OBJC_ISA_USAGE = YES_ERROR;
				CLANG_WARN_EMPTY_BODY = YES;
				CLANG_WARN_ENUM_CONVERSION = YES;
				CLANG_WARN_INT_CONVERSION = YES;
				CLANG_WARN_OBJC_ROOT_CLASS = YES_ERROR;
				CLANG_WARN_UNREACHABLE_CODE = YES;
				CLANG_WARN__DUPLICATE_METHOD_MATCH = YES;
				"CODE_SIGN_IDENTITY[sdk=iphoneos*]" = "iPhone Developer";
				COPY_PHASE_STRIP = NO;
				DEBUG_INFORMATION_FORMAT = "dwarf-with-dsym";
				ENABLE_NS_ASSERTIONS = NO;
				ENABLE_STRICT_OBJC_MSGSEND = YES;
				GCC_C_LANGUAGE_STANDARD = gnu99;
				GCC_NO_COMMON_BLOCKS = YES;
				GCC_WARN_64_TO_32_BIT_CONVERSION = YES;
				GCC_WARN_ABOUT_RETURN_TYPE = YES_ERROR;
				GCC_WARN_UNDECLARED_SELECTOR = YES;
				GCC_WARN_UNINITIALIZED_AUTOS = YES_AGGRESSIVE;
				GCC_WARN_UNUSED_FUNCTION = YES;
				GCC_WARN_UNUSED_VARIABLE = YES;
				IPHONEOS_DEPLOYMENT_TARGET = 8.2;
				MTL_ENABLE_DEBUG_INFO = NO;
				SDKROOT = iphoneos;
				SWIFT_INSTALL_OBJC_HEADER = YES;
				SWIFT_OBJC_BRIDGING_HEADER = "";
				VALIDATE_PRODUCT = YES;
			};
			name = Release;
		};
		8908FF701AE01ECF00C990DC /* Debug */ = {
			isa = XCBuildConfiguration;
			buildSettings = {
				ASSETCATALOG_COMPILER_APPICON_NAME = AppIcon;
				CLANG_ENABLE_MODULES = YES;
				CODE_SIGN_IDENTITY = "iPhone Developer";
				"CODE_SIGN_IDENTITY[sdk=iphoneos*]" = "iPhone Developer";
				FRAMEWORK_SEARCH_PATHS = (
					"$(inherited)",
					"/Users/Lu/Dev/Frameworks/SHSPhoneComponent-master/SHSPhoneComponents/build/Debug-iphoneos",
				);
				INFOPLIST_FILE = Arrived/Info.plist;
				LD_RUNPATH_SEARCH_PATHS = "$(inherited) @executable_path/Frameworks";
				LIBRARY_SEARCH_PATHS = (
					"$(inherited)",
					"$(PROJECT_DIR)/build/Debug-iphoneos",
				);
				PRODUCT_NAME = "$(TARGET_NAME)";
				PROVISIONING_PROFILE = "";
				SWIFT_INSTALL_OBJC_HEADER = YES;
				SWIFT_OBJC_BRIDGING_HEADER = "";
				SWIFT_OPTIMIZATION_LEVEL = "-Onone";
			};
			name = Debug;
		};
		8908FF711AE01ECF00C990DC /* Release */ = {
			isa = XCBuildConfiguration;
			buildSettings = {
				ASSETCATALOG_COMPILER_APPICON_NAME = AppIcon;
				CLANG_ENABLE_MODULES = YES;
				CODE_SIGN_IDENTITY = "iPhone Developer";
				"CODE_SIGN_IDENTITY[sdk=iphoneos*]" = "iPhone Developer";
				FRAMEWORK_SEARCH_PATHS = (
					"$(inherited)",
					"/Users/Lu/Dev/Frameworks/SHSPhoneComponent-master/SHSPhoneComponents/build/Debug-iphoneos",
				);
				INFOPLIST_FILE = Arrived/Info.plist;
				LD_RUNPATH_SEARCH_PATHS = "$(inherited) @executable_path/Frameworks";
				LIBRARY_SEARCH_PATHS = (
					"$(inherited)",
					"$(PROJECT_DIR)/build/Debug-iphoneos",
				);
				PRODUCT_NAME = "$(TARGET_NAME)";
				PROVISIONING_PROFILE = "";
				SWIFT_INSTALL_OBJC_HEADER = YES;
				SWIFT_OBJC_BRIDGING_HEADER = "";
			};
			name = Release;
		};
		8908FF731AE01ECF00C990DC /* Debug */ = {
			isa = XCBuildConfiguration;
			buildSettings = {
				BUNDLE_LOADER = "$(TEST_HOST)";
				FRAMEWORK_SEARCH_PATHS = (
					"$(SDKROOT)/Developer/Library/Frameworks",
					"$(inherited)",
				);
				GCC_PREPROCESSOR_DEFINITIONS = (
					"DEBUG=1",
					"$(inherited)",
				);
				INFOPLIST_FILE = ArrivedTests/Info.plist;
				LD_RUNPATH_SEARCH_PATHS = "$(inherited) @executable_path/Frameworks @loader_path/Frameworks";
				PRODUCT_NAME = "$(TARGET_NAME)";
				TEST_HOST = "$(BUILT_PRODUCTS_DIR)/Arrived.app/Arrived";
			};
			name = Debug;
		};
		8908FF741AE01ECF00C990DC /* Release */ = {
			isa = XCBuildConfiguration;
			buildSettings = {
				BUNDLE_LOADER = "$(TEST_HOST)";
				FRAMEWORK_SEARCH_PATHS = (
					"$(SDKROOT)/Developer/Library/Frameworks",
					"$(inherited)",
				);
				INFOPLIST_FILE = ArrivedTests/Info.plist;
				LD_RUNPATH_SEARCH_PATHS = "$(inherited) @executable_path/Frameworks @loader_path/Frameworks";
				PRODUCT_NAME = "$(TARGET_NAME)";
				TEST_HOST = "$(BUILT_PRODUCTS_DIR)/Arrived.app/Arrived";
			};
			name = Release;
		};
/* End XCBuildConfiguration section */

/* Begin XCConfigurationList section */
		8908FF4B1AE01ECF00C990DC /* Build configuration list for PBXProject "Arrived" */ = {
			isa = XCConfigurationList;
			buildConfigurations = (
				8908FF6D1AE01ECF00C990DC /* Debug */,
				8908FF6E1AE01ECF00C990DC /* Release */,
			);
			defaultConfigurationIsVisible = 0;
			defaultConfigurationName = Release;
		};
		8908FF6F1AE01ECF00C990DC /* Build configuration list for PBXNativeTarget "Arrived" */ = {
			isa = XCConfigurationList;
			buildConfigurations = (
				8908FF701AE01ECF00C990DC /* Debug */,
				8908FF711AE01ECF00C990DC /* Release */,
			);
			defaultConfigurationIsVisible = 0;
			defaultConfigurationName = Release;
		};
		8908FF721AE01ECF00C990DC /* Build configuration list for PBXNativeTarget "ArrivedTests" */ = {
			isa = XCConfigurationList;
			buildConfigurations = (
				8908FF731AE01ECF00C990DC /* Debug */,
				8908FF741AE01ECF00C990DC /* Release */,
			);
			defaultConfigurationIsVisible = 0;
			defaultConfigurationName = Release;
		};
/* End XCConfigurationList section */
	};
	rootObject = 8908FF481AE01ECF00C990DC /* Project object */;
}
